
Microsoft Visual Studio Solution File, Format Version 12.00
# Visual Studio Version 17
VisualStudioVersion = 17.13.35931.197 d17.13
MinimumVisualStudioVersion = 10.0.40219.1
Project("{8BC9CEB8-8B4A-11D0-8D11-00A0C91BC942}") = "C语言整体复习", "复习面积.vcxproj", "{2648FAD4-304C-4EB9-84D5-4F697F2D7F07}"
EndProject
Global
	GlobalSection(SolutionConfigurationPlatforms) = preSolution
		Debug|x64 = Debug|x64
		Debug|x86 = Debug|x86
		Release|x64 = Release|x64
		Release|x86 = Release|x86
	EndGlobalSection
	GlobalSection(ProjectConfigurationPlatforms) = postSolution
		{2648FAD4-304C-4EB9-84D5-4F697F2D7F07}.Debug|x64.ActiveCfg = Debug|x64
		{2648FAD4-304C-4EB9-84D5-4F697F2D7F07}.Debug|x64.Build.0 = Debug|x64
		{2648FAD4-304C-4EB9-84D5-4F697F2D7F07}.Debug|x86.ActiveCfg = Debug|Win32
		{2648FAD4-304C-4EB9-84D5-4F697F2D7F07}.Debug|x86.Build.0 = Debug|Win32
		{2648FAD4-304C-4EB9-84D5-4F697F2D7F07}.Release|x64.ActiveCfg = Release|x64
		{2648FAD4-304C-4EB9-84D5-4F697F2D7F07}.Release|x64.Build.0 = Release|x64
		{2648FAD4-304C-4EB9-84D5-4F697F2D7F07}.Release|x86.ActiveCfg = Release|Win32
		{2648FAD4-304C-4EB9-84D5-4F697F2D7F07}.Release|x86.Build.0 = Release|Win32
	EndGlobalSection
	GlobalSection(SolutionProperties) = preSolution
		HideSolutionNode = FALSE
	EndGlobalSection
	GlobalSection(ExtensibilityGlobals) = postSolution
		SolutionGuid = {C0F4CBB6-058B-4EDA-99E6-8BCB50259D2E}
	EndGlobalSection
EndGlobal
